// !$*UTF8*$!
{
	archiveVersion = 1;
	classes = {
	};
	objectVersion = 48;
	objects = {

/* Begin PBXBuildFile section */
		77F63D3B20FDB5D200CE6B65 /* AppDelegate.swift in Sources */ = {isa = PBXBuildFile; fileRef = 77F63D3A20FDB5D200CE6B65 /* AppDelegate.swift */; };
		77F63D3D20FDB5D200CE6B65 /* ViewController.swift in Sources */ = {isa = PBXBuildFile; fileRef = 77F63D3C20FDB5D200CE6B65 /* ViewController.swift */; };
		77F63D4020FDB5D200CE6B65 /* Main.storyboard in Resources */ = {isa = PBXBuildFile; fileRef = 77F63D3E20FDB5D200CE6B65 /* Main.storyboard */; };
		77F63D4320FDB5D200CE6B65 /* AvtoInfo.xcdatamodeld in Sources */ = {isa = PBXBuildFile; fileRef = 77F63D4120FDB5D200CE6B65 /* AvtoInfo.xcdatamodeld */; };
		77F63D4520FDB5D200CE6B65 /* Assets.xcassets in Resources */ = {isa = PBXBuildFile; fileRef = 77F63D4420FDB5D200CE6B65 /* Assets.xcassets */; };
		77F63D4820FDB5D200CE6B65 /* LaunchScreen.storyboard in Resources */ = {isa = PBXBuildFile; fileRef = 77F63D4620FDB5D200CE6B65 /* LaunchScreen.storyboard */; };
/* End PBXBuildFile section */

/* Begin PBXFileReference section */
		77F63D3720FDB5D200CE6B65 /* AvtoInfo.app */ = {isa = PBXFileReference; explicitFileType = wrapper.application; includeInIndex = 0; path = AvtoInfo.app; sourceTree = BUILT_PRODUCTS_DIR; };
		77F63D3A20FDB5D200CE6B65 /* AppDelegate.swift */ = {isa = PBXFileReference; lastKnownFileType = sourcecode.swift; path = AppDelegate.swift; sourceTree = "<group>"; };
		77F63D3C20FDB5D200CE6B65 /* ViewController.swift */ = {isa = PBXFileReference; lastKnownFileType = sourcecode.swift; path = ViewController.swift; sourceTree = "<group>"; };
		77F63D3F20FDB5D200CE6B65 /* Base */ = {isa = PBXFileReference; lastKnownFileType = file.storyboard; name = Base; path = Base.lproj/Main.storyboard; sourceTree = "<group>"; };
		77F63D4220FDB5D200CE6B65 /* AvtoInfo.xcdatamodel */ = {isa = PBXFileReference; lastKnownFileType = wrapper.xcdatamodel; path = AvtoInfo.xcdatamodel; sourceTree = "<group>"; };
		77F63D4420FDB5D200CE6B65 /* Assets.xcassets */ = {isa = PBXFileReference; lastKnownFileType = folder.assetcatalog; path = Assets.xcassets; sourceTree = "<group>"; };
		77F63D4720FDB5D200CE6B65 /* Base */ = {isa = PBXFileReference; lastKnownFileType = file.storyboard; name = Base; path = Base.lproj/LaunchScreen.storyboard; sourceTree = "<group>"; };
		77F63D4920FDB5D200CE6B65 /* Info.plist */ = {isa = PBXFileReference; lastKnownFileType = text.plist.xml; path = Info.plist; sourceTree = "<group>"; };
/* End PBXFileReference section */

/* Begin PBXFrameworksBuildPhase section */
		77F63D3420FDB5D200CE6B65 /* Frameworks */ = {
			isa = PBXFrameworksBuildPhase;
			buildActionMask = 2147483647;
			files = (
			);
			runOnlyForDeploymentPostprocessing = 0;
		};
/* End PBXFrameworksBuildPhase section */

/* Begin PBXGroup section */
		77F63D2E20FDB5D200CE6B65 = {
			isa = PBXGroup;
			children = (
				77F63D3920FDB5D200CE6B65 /* AvtoInfo */,
				77F63D3820FDB5D200CE6B65 /* Products */,
			);
			sourceTree = "<group>";
		};
		77F63D3820FDB5D200CE6B65 /* Products */ = {
			isa = PBXGroup;
			children = (
				77F63D3720FDB5D200CE6B65 /* AvtoInfo.app */,
			);
			name = Products;
			sourceTree = "<group>";
		};
		77F63D3920FDB5D200CE6B65 /* AvtoInfo */ = {
			isa = PBXGroup;
			children = (
				77F63D3A20FDB5D200CE6B65 /* AppDelegate.swift */,
				77F63D3C20FDB5D200CE6B65 /* ViewController.swift */,
				77F63D3E20FDB5D200CE6B65 /* Main.storyboard */,
				77F63D4420FDB5D200CE6B65 /* Assets.xcassets */,
				77F63D4620FDB5D200CE6B65 /* LaunchScreen.storyboard */,
				77F63D4920FDB5D200CE6B65 /* Info.plist */,
				77F63D4120FDB5D200CE6B65 /* AvtoInfo.xcdatamodeld */,
			);
			path = AvtoInfo;
			sourceTree = "<group>";
		};
/* End PBXGroup section */

/* Begin PBXNativeTarget section */
		77F63D3620FDB5D200CE6B65 /* AvtoInfo */ = {
			isa = PBXNativeTarget;
			buildConfigurationList = 77F63D4C20FDB5D200CE6B65 /* Build configuration list for PBXNativeTarget "AvtoInfo" */;
			buildPhases = (
				77F63D3320FDB5D200CE6B65 /* Sources */,
				77F63D3420FDB5D200CE6B65 /* Frameworks */,
				77F63D3520FDB5D200CE6B65 /* Resources */,
			);
			buildRules = (
			);
			dependencies = (
			);
			name = AvtoInfo;
			productName = AvtoInfo;
			productReference = 77F63D3720FDB5D200CE6B65 /* AvtoInfo.app */;
			productType = "com.apple.product-type.application";
		};
/* End PBXNativeTarget section */

/* Begin PBXProject section */
		77F63D2F20FDB5D200CE6B65 /* Project object */ = {
			isa = PBXProject;
			attributes = {
				LastSwiftUpdateCheck = 0920;
				LastUpgradeCheck = 0920;
				ORGANIZATIONNAME = pavelburdukovskii;
				TargetAttributes = {
					77F63D3620FDB5D200CE6B65 = {
						CreatedOnToolsVersion = 9.2;
						ProvisioningStyle = Automatic;
					};
				};
			};
			buildConfigurationList = 77F63D3220FDB5D200CE6B65 /* Build configuration list for PBXProject "AvtoInfo" */;
			compatibilityVersion = "Xcode 8.0";
			developmentRegion = en;
			hasScannedForEncodings = 0;
			knownRegions = (
				en,
				Base,
			);
			mainGroup = 77F63D2E20FDB5D200CE6B65;
			productRefGroup = 77F63D3820FDB5D200CE6B65 /* Products */;
			projectDirPath = "";
			projectRoot = "";
			targets = (
				77F63D3620FDB5D200CE6B65 /* AvtoInfo */,
			);
		};
/* End PBXProject section */

/* Begin PBXResourcesBuildPhase section */
		77F63D3520FDB5D200CE6B65 /* Resources */ = {
			isa = PBXResourcesBuildPhase;
			buildActionMask = 2147483647;
			files = (
				77F63D4820FDB5D200CE6B65 /* LaunchScreen.storyboard in Resources */,
				77F63D4520FDB5D200CE6B65 /* Assets.xcassets in Resources */,
				77F63D4020FDB5D200CE6B65 /* Main.storyboard in Resources */,
			);
			runOnlyForDeploymentPostprocessing = 0;
		};
/* End PBXResourcesBuildPhase section */

/* Begin PBXSourcesBuildPhase section */
		77F63D3320FDB5D200CE6B65 /* Sources */ = {
			isa = PBXSourcesBuildPhase;
			buildActionMask = 2147483647;
			files = (
				77F63D3D20FDB5D200CE6B65 /* ViewController.swift in Sources */,
				77F63D4320FDB5D200CE6B65 /* AvtoInfo.xcdatamodeld in Sources */,
				77F63D3B20FDB5D200CE6B65 /* AppDelegate.swift in Sources */,
			);
			runOnlyForDeploymentPostprocessing = 0;
		};
/* End PBXSourcesBuildPhase section */

/* Begin PBXVariantGroup section */
		77F63D3E20FDB5D200CE6B65 /* Main.storyboard */ = {
			isa = PBXVariantGroup;
			children = (
				77F63D3F20FDB5D200CE6B65 /* Base */,
			);
			name = Main.storyboard;
			sourceTree = "<group>";
		};
		77F63D4620FDB5D200CE6B65 /* LaunchScreen.storyboard */ = {
			isa = PBXVariantGroup;
			children = (
				77F63D4720FDB5D200CE6B65 /* Base */,
			);
			name = LaunchScreen.storyboard;
			sourceTree = "<group>";
		};
/* End PBXVariantGroup section */

/* Begin XCBuildConfiguration section */
		77F63D4A20FDB5D200CE6B65 /* Debug */ = {
			isa = XCBuildConfiguration;
			buildSettings = {
				ALWAYS_SEARCH_USER_PATHS = NO;
				CLANG_ANALYZER_NONNULL = YES;
				CLANG_ANALYZER_NUMBER_OBJECT_CONVERSION = YES_AGGRESSIVE;
				CLANG_CXX_LANGUAGE_STANDARD = "gnu++14";
				CLANG_CXX_LIBRARY = "libc++";
				CLANG_ENABLE_MODULES = YES;
				CLANG_ENABLE_OBJC_ARC = YES;
				CLANG_WARN_BLOCK_CAPTURE_AUTORELEASING = YES;
				CLANG_WARN_BOOL_CONVERSION = YES;
				CLANG_WARN_COMMA = YES;
				CLANG_WARN_CONSTANT_CONVERSION = YES;
				CLANG_WARN_DIRECT_OBJC_ISA_USAGE = YES_ERROR;
				CLANG_WARN_DOCUMENTATION_COMMENTS = YES;
				CLANG_WARN_EMPTY_BODY = YES;
				CLANG_WARN_ENUM_CONVERSION = YES;
				CLANG_WARN_INFINITE_RECURSION = YES;
				CLANG_WARN_INT_CONVERSION = YES;
				CLANG_WARN_NON_LITERAL_NULL_CONVERSION = YES;
				CLANG_WARN_OBJC_LITERAL_CONVERSION = YES;
				CLANG_WARN_OBJC_ROOT_CLASS = YES_ERROR;
				CLANG_WARN_RANGE_LOOP_ANALYSIS = YES;
				CLANG_WARN_STRICT_PROTOTYPES = YES;
				CLANG_WARN_SUSPICIOUS_MOVE = YES;
				CLANG_WARN_UNGUARDED_AVAILABILITY = YES_AGGRESSIVE;
				CLANG_WARN_UNREACHABLE_CODE = YES;
				CLANG_WARN__DUPLICATE_METHOD_MATCH = YES;
				CODE_SIGN_IDENTITY = "iPhone Developer";
				COPY_PHASE_STRIP = NO;
				DEBUG_INFORMATION_FORMAT = dwarf;
				ENABLE_STRICT_OBJC_MSGSEND = YES;
				ENABLE_TESTABILITY = YES;
				GCC_C_LANGUAGE_STANDARD = gnu11;
				GCC_DYNAMIC_NO_PIC = NO;
				GCC_NO_COMMON_BLOCKS = YES;
				GCC_OPTIMIZATION_LEVEL = 0;
				GCC_PREPROCESSOR_DEFINITIONS = (
					"DEBUG=1",
					"$(inherited)",
				);
				GCC_WARN_64_TO_32_BIT_CONVERSION = YES;
				GCC_WARN_ABOUT_RETURN_TYPE = YES_ERROR;
				GCC_WARN_UNDECLARED_SELECTOR = YES;
				GCC_WARN_UNINITIALIZED_AUTOS = YES_AGGRESSIVE;
				GCC_WARN_UNUSED_FUNCTION = YES;
				GCC_WARN_UNUSED_VARIABLE = YES;
				IPHONEOS_DEPLOYMENT_TARGET = 11.2;
				MTL_ENABLE_DEBUG_INFO = YES;
				ONLY_ACTIVE_ARCH = YES;
				SDKROOT = iphoneos;
				SWIFT_ACTIVE_COMPILATION_CONDITIONS = DEBUG;
				SWIFT_OPTIMIZATION_LEVEL = "-Onone";
			};
			name = Debug;
		};
		77F63D4B20FDB5D200CE6B65 /* Release */ = {
			isa = XCBuildConfiguration;
			buildSettings = {
				ALWAYS_SEARCH_USER_PATHS = NO;
				CLANG_ANALYZER_NONNULL = YES;
				CLANG_ANALYZER_NUMBER_OBJECT_CONVERSION = YES_AGGRESSIVE;
				CLANG_CXX_LANGUAGE_STANDARD = "gnu++14";
				CLANG_CXX_LIBRARY = "libc++";
				CLANG_ENABLE_MODULES = YES;
				CLANG_ENABLE_OBJC_ARC = YES;
				CLANG_WARN_BLOCK_CAPTURE_AUTORELEASING = YES;
				CLANG_WARN_BOOL_CONVERSION = YES;
				CLANG_WARN_COMMA = YES;
				CLANG_WARN_CONSTANT_CONVERSION = YES;
				CLANG_WARN_DIRECT_OBJC_ISA_USAGE = YES_ERROR;
				CLANG_WARN_DOCUMENTATION_COMMENTS = YES;
				CLANG_WARN_EMPTY_BODY = YES;
				CLANG_WARN_ENUM_CONVERSION = YES;
				CLANG_WARN_INFINITE_RECURSION = YES;
				CLANG_WARN_INT_CONVERSION = YES;
				CLANG_WARN_NON_LITERAL_NULL_CONVERSION = YES;
				CLANG_WARN_OBJC_LITERAL_CONVERSION = YES;
				CLANG_WARN_OBJC_ROOT_CLASS = YES_ERROR;
				CLANG_WARN_RANGE_LOOP_ANALYSIS = YES;
				CLANG_WARN_STRICT_PROTOTYPES = YES;
				CLANG_WARN_SUSPICIOUS_MOVE = YES;
				CLANG_WARN_UNGUARDED_AVAILABILITY = YES_AGGRESSIVE;
				CLANG_WARN_UNREACHABLE_CODE = YES;
				CLANG_WARN__DUPLICATE_METHOD_MATCH = YES;
				CODE_SIGN_IDENTITY = "iPhone Developer";
				COPY_PHASE_STRIP = NO;
				DEBUG_INFORMATION_FORMAT = "dwarf-with-dsym";
				ENABLE_NS_ASSERTIONS = NO;
				ENABLE_STRICT_OBJC_MSGSEND = YES;
				GCC_C_LANGUAGE_STANDARD = gnu11;
				GCC_NO_COMMON_BLOCKS = YES;
				GCC_WARN_64_TO_32_BIT_CONVERSION = YES;
				GCC_WARN_ABOUT_RETURN_TYPE = YES_ERROR;
				GCC_WARN_UNDECLARED_SELECTOR = YES;
				GCC_WARN_UNINITIALIZED_AUTOS = YES_AGGRESSIVE;
				GCC_WARN_UNUSED_FUNCTION = YES;
				GCC_WARN_UNUSED_VARIABLE = YES;
				IPHONEOS_DEPLOYMENT_TARGET = 11.2;
				MTL_ENABLE_DEBUG_INFO = NO;
				SDKROOT = iphoneos;
				SWIFT_OPTIMIZATION_LEVEL = "-Owholemodule";
				VALIDATE_PRODUCT = YES;
			};
			name = Release;
		};
		77F63D4D20FDB5D200CE6B65 /* Debug */ = {
			isa = XCBuildConfiguration;
			buildSettings = {
				ASSETCATALOG_COMPILER_APPICON_NAME = AppIcon;
				CODE_SIGN_STYLE = Automatic;
				DEVELOPMENT_TEAM = 6R6KJ6QT78;
				INFOPLIST_FILE = AvtoInfo/Info.plist;
				LD_RUNPATH_SEARCH_PATHS = "$(inherited) @executable_path/Frameworks";
				PRODUCT_BUNDLE_IDENTIFIER = com.pavelburdukovskii.AvtoInfo;
				PRODUCT_NAME = "$(TARGET_NAME)";
				SWIFT_VERSION = 4.0;
				TARGETED_DEVICE_FAMILY = "1,2";
			};
			name = Debug;
		};
		77F63D4E20FDB5D200CE6B65 /* Release */ = {
			isa = XCBuildConfiguration;
			buildSettings = {
				ASSETCATALOG_COMPILER_APPICON_NAME = AppIcon;
				CODE_SIGN_STYLE = Automatic;
				DEVELOPMENT_TEAM = 6R6KJ6QT78;
				INFOPLIST_FILE = AvtoInfo/Info.plist;
				LD_RUNPATH_SEARCH_PATHS = "$(inherited) @executable_path/Frameworks";
				PRODUCT_BUNDLE_IDENTIFIER = com.pavelburdukovskii.AvtoInfo;
				PRODUCT_NAME = "$(TARGET_NAME)";
				SWIFT_VERSION = 4.0;
				TARGETED_DEVICE_FAMILY = "1,2";
			};
			name = Release;
		};
/* End XCBuildConfiguration section */

/* Begin XCConfigurationList section */
		77F63D3220FDB5D200CE6B65 /* Build configuration list for PBXProject "AvtoInfo" */ = {
			isa = XCConfigurationList;
			buildConfigurations = (
				77F63D4A20FDB5D200CE6B65 /* Debug */,
				77F63D4B20FDB5D200CE6B65 /* Release */,
			);
			defaultConfigurationIsVisible = 0;
			defaultConfigurationName = Release;
		};
		77F63D4C20FDB5D200CE6B65 /* Build configuration list for PBXNativeTarget "AvtoInfo" */ = {
			isa = XCConfigurationList;
			buildConfigurations = (
				77F63D4D20FDB5D200CE6B65 /* Debug */,
				77F63D4E20FDB5D200CE6B65 /* Release */,
			);
			defaultConfigurationIsVisible = 0;
			defaultConfigurationName = Release;
		};
/* End XCConfigurationList section */

/* Begin XCVersionGroup section */
		77F63D4120FDB5D200CE6B65 /* AvtoInfo.xcdatamodeld */ = {
			isa = XCVersionGroup;
			children = (
				77F63D4220FDB5D200CE6B65 /* AvtoInfo.xcdatamodel */,
			);
			currentVersion = 77F63D4220FDB5D200CE6B65 /* AvtoInfo.xcdatamodel */;
			path = AvtoInfo.xcdatamodeld;
			sourceTree = "<group>";
			versionGroupType = wrapper.xcdatamodel;
		};
/* End XCVersionGroup section */
	};
	rootObject = 77F63D2F20FDB5D200CE6B65 /* Project object */;
}
